{
  "originHash" : "6f72045c89b8d6da0b72b6f297906a9094e24153f79a0175c3604282c342facd",
  "pins" : [
    {
      "identity" : "mixpanel-iphone",
      "kind" : "remoteSourceControl",
      "location" : "https://github.com/mixpanel/mixpanel-iphone",
      "state" : {
        "revision" : "8fc7115d3294a29ded42926301d5d45c417d8113",
        "version" : "5.0.7"
      }
    },
    {
      "identity" : "yousee-kmp-apple-umbrellaklib",
      "kind" : "remoteSourceControl",
      "location" : "https://github.com/YouSee/youSee-KMP-Apple-umbrellaKlib/",
      "state" : {
        "branch" : "v0.1.5",
        "revision" : "ef906b9aa75dd2a99b7c19969db4da040b924ee7"
      }
    }
  ],
  "version" : 3
}
